// !$*UTF8*$!
{
	archiveVersion = 1;
	classes = {
	};
	objectVersion = 50;
	objects = {

/* Begin PBXBuildFile section */
		F20AA8A72511E59600AC72E5 /* testViewController.swift in Sources */ = {isa = PBXBuildFile; fileRef = F20AA8A62511E59600AC72E5 /* testViewController.swift */; };
		F27458C3250D03B000C55234 /* AppDelegate.swift in Sources */ = {isa = PBXBuildFile; fileRef = F27458C2250D03B000C55234 /* AppDelegate.swift */; };
		F27458C5250D03B000C55234 /* SceneDelegate.swift in Sources */ = {isa = PBXBuildFile; fileRef = F27458C4250D03B000C55234 /* SceneDelegate.swift */; };
		F27458C7250D03B000C55234 /* ViewController.swift in Sources */ = {isa = PBXBuildFile; fileRef = F27458C6250D03B000C55234 /* ViewController.swift */; };
		F27458CA250D03B000C55234 /* Main.storyboard in Resources */ = {isa = PBXBuildFile; fileRef = F27458C8250D03B000C55234 /* Main.storyboard */; };
		F27458CC250D03B300C55234 /* Assets.xcassets in Resources */ = {isa = PBXBuildFile; fileRef = F27458CB250D03B300C55234 /* Assets.xcassets */; };
		F27458CF250D03B300C55234 /* LaunchScreen.storyboard in Resources */ = {isa = PBXBuildFile; fileRef = F27458CD250D03B300C55234 /* LaunchScreen.storyboard */; };
		F27458DA250D049400C55234 /* test.plist in Resources */ = {isa = PBXBuildFile; fileRef = F27458D9250D049400C55234 /* test.plist */; };
		F27458DD250D051F00C55234 /* ViewController.swift in Sources */ = {isa = PBXBuildFile; fileRef = F27458DC250D051F00C55234 /* ViewController.swift */; };
		F2771BFC250D0F93003E6E34 /* banana.swift in Sources */ = {isa = PBXBuildFile; fileRef = F2771BFB250D0F93003E6E34 /* banana.swift */; };
		F2771BFE250D0FAE003E6E34 /* bananaViewController.swift in Sources */ = {isa = PBXBuildFile; fileRef = F2771BFD250D0FAE003E6E34 /* bananaViewController.swift */; };
		F2771C00250D175C003E6E34 /* File.swift in Sources */ = {isa = PBXBuildFile; fileRef = F2771BFF250D175C003E6E34 /* File.swift */; };
		F2B49E9D2511EAA5007D54A4 /* ViewController.swift in Sources */ = {isa = PBXBuildFile; fileRef = F2B49E9C2511EAA5007D54A4 /* ViewController.swift */; };
/* End PBXBuildFile section */

/* Begin PBXFileReference section */
		F20AA8A62511E59600AC72E5 /* testViewController.swift */ = {isa = PBXFileReference; lastKnownFileType = sourcecode.swift; path = testViewController.swift; sourceTree = "<group>"; };
		F27458BF250D03B000C55234 /* GitignoreTest.app */ = {isa = PBXFileReference; explicitFileType = wrapper.application; includeInIndex = 0; path = GitignoreTest.app; sourceTree = BUILT_PRODUCTS_DIR; };
		F27458C2250D03B000C55234 /* AppDelegate.swift */ = {isa = PBXFileReference; lastKnownFileType = sourcecode.swift; path = AppDelegate.swift; sourceTree = "<group>"; };
		F27458C4250D03B000C55234 /* SceneDelegate.swift */ = {isa = PBXFileReference; lastKnownFileType = sourcecode.swift; path = SceneDelegate.swift; sourceTree = "<group>"; };
		F27458C6250D03B000C55234 /* ViewController.swift */ = {isa = PBXFileReference; lastKnownFileType = sourcecode.swift; path = ViewController.swift; sourceTree = "<group>"; };
		F27458C9250D03B000C55234 /* Base */ = {isa = PBXFileReference; lastKnownFileType = file.storyboard; name = Base; path = Base.lproj/Main.storyboard; sourceTree = "<group>"; };
		F27458CB250D03B300C55234 /* Assets.xcassets */ = {isa = PBXFileReference; lastKnownFileType = folder.assetcatalog; path = Assets.xcassets; sourceTree = "<group>"; };
		F27458CE250D03B300C55234 /* Base */ = {isa = PBXFileReference; lastKnownFileType = file.storyboard; name = Base; path = Base.lproj/LaunchScreen.storyboard; sourceTree = "<group>"; };
		F27458D0250D03B300C55234 /* Info.plist */ = {isa = PBXFileReference; lastKnownFileType = text.plist.xml; path = Info.plist; sourceTree = "<group>"; };
		F27458D9250D049400C55234 /* test.plist */ = {isa = PBXFileReference; lastKnownFileType = text.plist.xml; path = test.plist; sourceTree = "<group>"; };
		F27458DC250D051F00C55234 /* ViewController.swift */ = {isa = PBXFileReference; lastKnownFileType = sourcecode.swift; path = ViewController.swift; sourceTree = "<group>"; };
		F2771BFB250D0F93003E6E34 /* banana.swift */ = {isa = PBXFileReference; lastKnownFileType = sourcecode.swift; path = banana.swift; sourceTree = "<group>"; };
		F2771BFD250D0FAE003E6E34 /* bananaViewController.swift */ = {isa = PBXFileReference; lastKnownFileType = sourcecode.swift; path = bananaViewController.swift; sourceTree = "<group>"; };
		F2771BFF250D175C003E6E34 /* File.swift */ = {isa = PBXFileReference; lastKnownFileType = sourcecode.swift; path = File.swift; sourceTree = "<group>"; };
		F2B49E9C2511EAA5007D54A4 /* ViewController.swift */ = {isa = PBXFileReference; lastKnownFileType = sourcecode.swift; path = ViewController.swift; sourceTree = "<group>"; };
/* End PBXFileReference section */

/* Begin PBXFrameworksBuildPhase section */
		F27458BC250D03B000C55234 /* Frameworks */ = {
			isa = PBXFrameworksBuildPhase;
			buildActionMask = 2147483647;
			files = (
			);
			runOnlyForDeploymentPostprocessing = 0;
		};
/* End PBXFrameworksBuildPhase section */

/* Begin PBXGroup section */
		F20AA8A52511E56D00AC72E5 /* New Test */ = {
			isa = PBXGroup;
			children = (
				F20AA8A62511E59600AC72E5 /* testViewController.swift */,
			);
			path = "New Test";
			sourceTree = "<group>";
		};
		F27458B6250D03B000C55234 = {
			isa = PBXGroup;
			children = (
				F27458C1250D03B000C55234 /* GitignoreTest */,
				F27458C0250D03B000C55234 /* Products */,
			);
			sourceTree = "<group>";
		};
		F27458C0250D03B000C55234 /* Products */ = {
			isa = PBXGroup;
			children = (
				F27458BF250D03B000C55234 /* GitignoreTest.app */,
			);
			name = Products;
			sourceTree = "<group>";
		};
		F27458C1250D03B000C55234 /* GitignoreTest */ = {
			isa = PBXGroup;
			children = (
				F27458D6250D03EF00C55234 /* Model */,
				F27458D7250D040400C55234 /* View */,
				F27458D8250D041300C55234 /* Controller */,
				F27458C2250D03B000C55234 /* AppDelegate.swift */,
				F27458C4250D03B000C55234 /* SceneDelegate.swift */,
				F2B49E9B2511EA6E007D54A4 /* Test Spece gitignore */,
				F20AA8A52511E56D00AC72E5 /* New Test */,
				F27458DB250D050000C55234 /* TestFile */,
				F27458CB250D03B300C55234 /* Assets.xcassets */,
				F27458D9250D049400C55234 /* test.plist */,
				F27458D0250D03B300C55234 /* Info.plist */,
				F2771BFB250D0F93003E6E34 /* banana.swift */,
				F2771BFD250D0FAE003E6E34 /* bananaViewController.swift */,
			);
			path = GitignoreTest;
			sourceTree = "<group>";
		};
		F27458D6250D03EF00C55234 /* Model */ = {
			isa = PBXGroup;
			children = (
				F2771BFF250D175C003E6E34 /* File.swift */,
			);
			path = Model;
			sourceTree = "<group>";
		};
		F27458D7250D040400C55234 /* View */ = {
			isa = PBXGroup;
			children = (
				F27458C8250D03B000C55234 /* Main.storyboard */,
				F27458CD250D03B300C55234 /* LaunchScreen.storyboard */,
			);
			path = View;
			sourceTree = "<group>";
		};
		F27458D8250D041300C55234 /* Controller */ = {
			isa = PBXGroup;
			children = (
				F27458C6250D03B000C55234 /* ViewController.swift */,
			);
			path = Controller;
			sourceTree = "<group>";
		};
		F27458DB250D050000C55234 /* TestFile */ = {
			isa = PBXGroup;
			children = (
				F27458DC250D051F00C55234 /* ViewController.swift */,
			);
			path = TestFile;
			sourceTree = "<group>";
		};
		F2B49E9B2511EA6E007D54A4 /* Test Spece gitignore */ = {
			isa = PBXGroup;
			children = (
				F2B49E9C2511EAA5007D54A4 /* ViewController.swift */,
			);
			path = "Test Spece gitignore";
			sourceTree = "<group>";
		};
/* End PBXGroup section */

/* Begin PBXNativeTarget section */
		F27458BE250D03B000C55234 /* GitignoreTest */ = {
			isa = PBXNativeTarget;
			buildConfigurationList = F27458D3250D03B300C55234 /* Build configuration list for PBXNativeTarget "GitignoreTest" */;
			buildPhases = (
				F27458BB250D03B000C55234 /* Sources */,
				F27458BC250D03B000C55234 /* Frameworks */,
				F27458BD250D03B000C55234 /* Resources */,
			);
			buildRules = (
			);
			dependencies = (
			);
			name = GitignoreTest;
			productName = GitignoreTest;
			productReference = F27458BF250D03B000C55234 /* GitignoreTest.app */;
			productType = "com.apple.product-type.application";
		};
/* End PBXNativeTarget section */

/* Begin PBXProject section */
		F27458B7250D03B000C55234 /* Project object */ = {
			isa = PBXProject;
			attributes = {
				LastSwiftUpdateCheck = 1170;
				LastUpgradeCheck = 1170;
				ORGANIZATIONNAME = ueda.daiki;
				TargetAttributes = {
					F27458BE250D03B000C55234 = {
						CreatedOnToolsVersion = 11.7;
					};
				};
			};
			buildConfigurationList = F27458BA250D03B000C55234 /* Build configuration list for PBXProject "GitignoreTest" */;
			compatibilityVersion = "Xcode 9.3";
			developmentRegion = en;
			hasScannedForEncodings = 0;
			knownRegions = (
				en,
				Base,
			);
			mainGroup = F27458B6250D03B000C55234;
			productRefGroup = F27458C0250D03B000C55234 /* Products */;
			projectDirPath = "";
			projectRoot = "";
			targets = (
				F27458BE250D03B000C55234 /* GitignoreTest */,
			);
		};
/* End PBXProject section */

/* Begin PBXResourcesBuildPhase section */
		F27458BD250D03B000C55234 /* Resources */ = {
			isa = PBXResourcesBuildPhase;
			buildActionMask = 2147483647;
			files = (
				F27458DA250D049400C55234 /* test.plist in Resources */,
				F27458CF250D03B300C55234 /* LaunchScreen.storyboard in Resources */,
				F27458CC250D03B300C55234 /* Assets.xcassets in Resources */,
				F27458CA250D03B000C55234 /* Main.storyboard in Resources */,
			);
			runOnlyForDeploymentPostprocessing = 0;
		};
/* End PBXResourcesBuildPhase section */

/* Begin PBXSourcesBuildPhase section */
		F27458BB250D03B000C55234 /* Sources */ = {
			isa = PBXSourcesBuildPhase;
			buildActionMask = 2147483647;
			files = (
				F27458C7250D03B000C55234 /* ViewController.swift in Sources */,
				F27458C3250D03B000C55234 /* AppDelegate.swift in Sources */,
				F20AA8A72511E59600AC72E5 /* testViewController.swift in Sources */,
				F2B49E9D2511EAA5007D54A4 /* ViewController.swift in Sources */,
				F2771C00250D175C003E6E34 /* File.swift in Sources */,
				F27458DD250D051F00C55234 /* ViewController.swift in Sources */,
				F2771BFE250D0FAE003E6E34 /* bananaViewController.swift in Sources */,
				F27458C5250D03B000C55234 /* SceneDelegate.swift in Sources */,
				F2771BFC250D0F93003E6E34 /* banana.swift in Sources */,
			);
			runOnlyForDeploymentPostprocessing = 0;
		};
/* End PBXSourcesBuildPhase section */

/* Begin PBXVariantGroup section */
		F27458C8250D03B000C55234 /* Main.storyboard */ = {
			isa = PBXVariantGroup;
			children = (
				F27458C9250D03B000C55234 /* Base */,
			);
			name = Main.storyboard;
			sourceTree = "<group>";
		};
		F27458CD250D03B300C55234 /* LaunchScreen.storyboard */ = {
			isa = PBXVariantGroup;
			children = (
				F27458CE250D03B300C55234 /* Base */,
			);
			name = LaunchScreen.storyboard;
			sourceTree = "<group>";
		};
/* End PBXVariantGroup section */

/* Begin XCBuildConfiguration section */
		F27458D1250D03B300C55234 /* Debug */ = {
			isa = XCBuildConfiguration;
			buildSettings = {
				ALWAYS_SEARCH_USER_PATHS = NO;
				CLANG_ANALYZER_NONNULL = YES;
				CLANG_ANALYZER_NUMBER_OBJECT_CONVERSION = YES_AGGRESSIVE;
				CLANG_CXX_LANGUAGE_STANDARD = "gnu++14";
				CLANG_CXX_LIBRARY = "libc++";
				CLANG_ENABLE_MODULES = YES;
				CLANG_ENABLE_OBJC_ARC = YES;
				CLANG_ENABLE_OBJC_WEAK = YES;
				CLANG_WARN_BLOCK_CAPTURE_AUTORELEASING = YES;
				CLANG_WARN_BOOL_CONVERSION = YES;
				CLANG_WARN_COMMA = YES;
				CLANG_WARN_CONSTANT_CONVERSION = YES;
				CLANG_WARN_DEPRECATED_OBJC_IMPLEMENTATIONS = YES;
				CLANG_WARN_DIRECT_OBJC_ISA_USAGE = YES_ERROR;
				CLANG_WARN_DOCUMENTATION_COMMENTS = YES;
				CLANG_WARN_EMPTY_BODY = YES;
				CLANG_WARN_ENUM_CONVERSION = YES;
				CLANG_WARN_INFINITE_RECURSION = YES;
				CLANG_WARN_INT_CONVERSION = YES;
				CLANG_WARN_NON_LITERAL_NULL_CONVERSION = YES;
				CLANG_WARN_OBJC_IMPLICIT_RETAIN_SELF = YES;
				CLANG_WARN_OBJC_LITERAL_CONVERSION = YES;
				CLANG_WARN_OBJC_ROOT_CLASS = YES_ERROR;
				CLANG_WARN_RANGE_LOOP_ANALYSIS = YES;
				CLANG_WARN_STRICT_PROTOTYPES = YES;
				CLANG_WARN_SUSPICIOUS_MOVE = YES;
				CLANG_WARN_UNGUARDED_AVAILABILITY = YES_AGGRESSIVE;
				CLANG_WARN_UNREACHABLE_CODE = YES;
				CLANG_WARN__DUPLICATE_METHOD_MATCH = YES;
				COPY_PHASE_STRIP = NO;
				DEBUG_INFORMATION_FORMAT = dwarf;
				ENABLE_STRICT_OBJC_MSGSEND = YES;
				ENABLE_TESTABILITY = YES;
				GCC_C_LANGUAGE_STANDARD = gnu11;
				GCC_DYNAMIC_NO_PIC = NO;
				GCC_NO_COMMON_BLOCKS = YES;
				GCC_OPTIMIZATION_LEVEL = 0;
				GCC_PREPROCESSOR_DEFINITIONS = (
					"DEBUG=1",
					"$(inherited)",
				);
				GCC_WARN_64_TO_32_BIT_CONVERSION = YES;
				GCC_WARN_ABOUT_RETURN_TYPE = YES_ERROR;
				GCC_WARN_UNDECLARED_SELECTOR = YES;
				GCC_WARN_UNINITIALIZED_AUTOS = YES_AGGRESSIVE;
				GCC_WARN_UNUSED_FUNCTION = YES;
				GCC_WARN_UNUSED_VARIABLE = YES;
				IPHONEOS_DEPLOYMENT_TARGET = 13.7;
				MTL_ENABLE_DEBUG_INFO = INCLUDE_SOURCE;
				MTL_FAST_MATH = YES;
				ONLY_ACTIVE_ARCH = YES;
				SDKROOT = iphoneos;
				SWIFT_ACTIVE_COMPILATION_CONDITIONS = DEBUG;
				SWIFT_OPTIMIZATION_LEVEL = "-Onone";
			};
			name = Debug;
		};
		F27458D2250D03B300C55234 /* Release */ = {
			isa = XCBuildConfiguration;
			buildSettings = {
				ALWAYS_SEARCH_USER_PATHS = NO;
				CLANG_ANALYZER_NONNULL = YES;
				CLANG_ANALYZER_NUMBER_OBJECT_CONVERSION = YES_AGGRESSIVE;
				CLANG_CXX_LANGUAGE_STANDARD = "gnu++14";
				CLANG_CXX_LIBRARY = "libc++";
				CLANG_ENABLE_MODULES = YES;
				CLANG_ENABLE_OBJC_ARC = YES;
				CLANG_ENABLE_OBJC_WEAK = YES;
				CLANG_WARN_BLOCK_CAPTURE_AUTORELEASING = YES;
				CLANG_WARN_BOOL_CONVERSION = YES;
				CLANG_WARN_COMMA = YES;
				CLANG_WARN_CONSTANT_CONVERSION = YES;
				CLANG_WARN_DEPRECATED_OBJC_IMPLEMENTATIONS = YES;
				CLANG_WARN_DIRECT_OBJC_ISA_USAGE = YES_ERROR;
				CLANG_WARN_DOCUMENTATION_COMMENTS = YES;
				CLANG_WARN_EMPTY_BODY = YES;
				CLANG_WARN_ENUM_CONVERSION = YES;
				CLANG_WARN_INFINITE_RECURSION = YES;
				CLANG_WARN_INT_CONVERSION = YES;
				CLANG_WARN_NON_LITERAL_NULL_CONVERSION = YES;
				CLANG_WARN_OBJC_IMPLICIT_RETAIN_SELF = YES;
				CLANG_WARN_OBJC_LITERAL_CONVERSION = YES;
				CLANG_WARN_OBJC_ROOT_CLASS = YES_ERROR;
				CLANG_WARN_RANGE_LOOP_ANALYSIS = YES;
				CLANG_WARN_STRICT_PROTOTYPES = YES;
				CLANG_WARN_SUSPICIOUS_MOVE = YES;
				CLANG_WARN_UNGUARDED_AVAILABILITY = YES_AGGRESSIVE;
				CLANG_WARN_UNREACHABLE_CODE = YES;
				CLANG_WARN__DUPLICATE_METHOD_MATCH = YES;
				COPY_PHASE_STRIP = NO;
				DEBUG_INFORMATION_FORMAT = "dwarf-with-dsym";
				ENABLE_NS_ASSERTIONS = NO;
				ENABLE_STRICT_OBJC_MSGSEND = YES;
				GCC_C_LANGUAGE_STANDARD = gnu11;
				GCC_NO_COMMON_BLOCKS = YES;
				GCC_WARN_64_TO_32_BIT_CONVERSION = YES;
				GCC_WARN_ABOUT_RETURN_TYPE = YES_ERROR;
				GCC_WARN_UNDECLARED_SELECTOR = YES;
				GCC_WARN_UNINITIALIZED_AUTOS = YES_AGGRESSIVE;
				GCC_WARN_UNUSED_FUNCTION = YES;
				GCC_WARN_UNUSED_VARIABLE = YES;
				IPHONEOS_DEPLOYMENT_TARGET = 13.7;
				MTL_ENABLE_DEBUG_INFO = NO;
				MTL_FAST_MATH = YES;
				SDKROOT = iphoneos;
				SWIFT_COMPILATION_MODE = wholemodule;
				SWIFT_OPTIMIZATION_LEVEL = "-O";
				VALIDATE_PRODUCT = YES;
			};
			name = Release;
		};
		F27458D4250D03B300C55234 /* Debug */ = {
			isa = XCBuildConfiguration;
			buildSettings = {
				ASSETCATALOG_COMPILER_APPICON_NAME = AppIcon;
				CODE_SIGN_STYLE = Automatic;
				DEVELOPMENT_TEAM = 3RBHM7VUJZ;
				INFOPLIST_FILE = GitignoreTest/Info.plist;
				LD_RUNPATH_SEARCH_PATHS = (
					"$(inherited)",
					"@executable_path/Frameworks",
				);
				PRODUCT_BUNDLE_IDENTIFIER = com.daiki.GitignoreTest;
				PRODUCT_NAME = "$(TARGET_NAME)";
				SWIFT_VERSION = 5.0;
				TARGETED_DEVICE_FAMILY = "1,2";
			};
			name = Debug;
		};
		F27458D5250D03B300C55234 /* Release */ = {
			isa = XCBuildConfiguration;
			buildSettings = {
				ASSETCATALOG_COMPILER_APPICON_NAME = AppIcon;
				CODE_SIGN_STYLE = Automatic;
				DEVELOPMENT_TEAM = 3RBHM7VUJZ;
				INFOPLIST_FILE = GitignoreTest/Info.plist;
				LD_RUNPATH_SEARCH_PATHS = (
					"$(inherited)",
					"@executable_path/Frameworks",
				);
				PRODUCT_BUNDLE_IDENTIFIER = com.daiki.GitignoreTest;
				PRODUCT_NAME = "$(TARGET_NAME)";
				SWIFT_VERSION = 5.0;
				TARGETED_DEVICE_FAMILY = "1,2";
			};
			name = Release;
		};
/* End XCBuildConfiguration section */

/* Begin XCConfigurationList section */
		F27458BA250D03B000C55234 /* Build configuration list for PBXProject "GitignoreTest" */ = {
			isa = XCConfigurationList;
			buildConfigurations = (
				F27458D1250D03B300C55234 /* Debug */,
				F27458D2250D03B300C55234 /* Release */,
			);
			defaultConfigurationIsVisible = 0;
			defaultConfigurationName = Release;
		};
		F27458D3250D03B300C55234 /* Build configuration list for PBXNativeTarget "GitignoreTest" */ = {
			isa = XCConfigurationList;
			buildConfigurations = (
				F27458D4250D03B300C55234 /* Debug */,
				F27458D5250D03B300C55234 /* Release */,
			);
			defaultConfigurationIsVisible = 0;
			defaultConfigurationName = Release;
		};
/* End XCConfigurationList section */
	};
	rootObject = F27458B7250D03B000C55234 /* Project object */;
}
